
Microsoft Visual Studio Solution File, Format Version 12.00
# Visual Studio Version 16
VisualStudioVersion = 16.0.30406.217
MinimumVisualStudioVersion = 10.0.40219.1
Project("{2150E333-8FDC-42A3-9474-1A3956D46DE8}") = "File", "File", "{38D5F1D1-FACF-47B3-BBAB-472CBFFA3CD2}"
EndProject
Project("{2150E333-8FDC-42A3-9474-1A3956D46DE8}") = "Array", "Array", "{2B3C4950-9778-4F28-B15A-1FE934769B56}"
EndProject
Project("{2150E333-8FDC-42A3-9474-1A3956D46DE8}") = "Class", "Class", "{9C6FD7C4-9A89-4D88-BD16-FF97888606E8}"
EndProject
Project("{2150E333-8FDC-42A3-9474-1A3956D46DE8}") = "Collection", "Collection", "{DACB3753-B5FF-4C35-861F-86349F4556C0}"
EndProject
Project("{2150E333-8FDC-42A3-9474-1A3956D46DE8}") = "Date", "Date", "{CF714119-7736-413F-8F79-1599C274F2A7}"
EndProject
Project("{2150E333-8FDC-42A3-9474-1A3956D46DE8}") = "Delegate", "Delegate", "{1F7B832F-AE6A-4DCE-AA01-3B053EE8991C}"
EndProject
Project("{2150E333-8FDC-42A3-9474-1A3956D46DE8}") = "Enum", "Enum", "{1B9428C9-4706-4EC9-82C9-5FC5F6668DB1}"
EndProject
Project("{2150E333-8FDC-42A3-9474-1A3956D46DE8}") = "Struct", "Struct", "{2294429F-6FAC-43AC-8B59-98241F266392}"
EndProject
Project("{2150E333-8FDC-42A3-9474-1A3956D46DE8}") = "Statement", "Statement", "{C18C10E5-CCE0-4254-9470-A0B10E41E351}"
EndProject
Project("{2150E333-8FDC-42A3-9474-1A3956D46DE8}") = "Exception", "Exception", "{370AA95B-70F8-430C-A4A7-E4C8824B7159}"
EndProject
Project("{2150E333-8FDC-42A3-9474-1A3956D46DE8}") = "Generic", "Generic", "{3600B195-7E58-4031-A9C5-01718B338264}"
EndProject
Project("{2150E333-8FDC-42A3-9474-1A3956D46DE8}") = "Interface", "Interface", "{8E03DD7A-6294-47EE-967D-11BC0360F45F}"
EndProject
Project("{2150E333-8FDC-42A3-9474-1A3956D46DE8}") = "Linq", "Linq", "{5A037CF2-9D66-4595-9E8C-FFA52DD9AC8E}"
EndProject
Project("{2150E333-8FDC-42A3-9474-1A3956D46DE8}") = "Method", "Method", "{2D0BFB6A-3A57-45FB-B090-05CCE35C6039}"
EndProject
Project("{2150E333-8FDC-42A3-9474-1A3956D46DE8}") = "Operator", "Operator", "{2F639E52-AFCC-44EC-9300-F24A15953EE6}"
EndProject
Project("{2150E333-8FDC-42A3-9474-1A3956D46DE8}") = "RegularExpression", "RegularExpression", "{404DEE3A-E1BA-45C9-A474-32F7E324F481}"
EndProject
Project("{2150E333-8FDC-42A3-9474-1A3956D46DE8}") = "String", "String", "{3BA7CCC8-18CD-4407-82C8-9900DBF53B09}"
EndProject
Project("{2150E333-8FDC-42A3-9474-1A3956D46DE8}") = "Variable", "Variable", "{7711E2D6-9EC5-4197-B14D-8E9165601E1F}"
EndProject
Project("{FAE04EC0-301F-11D3-BF4B-00C04F79EFBC}") = "Sample_Array", "Sample_Array\Sample_Array.csproj", "{0BD1B81C-7F04-4782-867F-1EE8124A6108}"
EndProject
Project("{FAE04EC0-301F-11D3-BF4B-00C04F79EFBC}") = "Sample_Class", "Sample_Class\Sample_Class.csproj", "{A51649AF-BC19-44EF-92B6-A5BBB74285E0}"
EndProject
Project("{FAE04EC0-301F-11D3-BF4B-00C04F79EFBC}") = "Sample_Collection", "Sample_Collection\Sample_Collection.csproj", "{A69DF315-1F29-4E5F-A41D-D88A985C2063}"
EndProject
Project("{FAE04EC0-301F-11D3-BF4B-00C04F79EFBC}") = "Sample_Date", "Sample_Date\Sample_Date.csproj", "{3B8F8E58-006A-42DD-BCB8-F3331EAD2FB8}"
EndProject
Project("{FAE04EC0-301F-11D3-BF4B-00C04F79EFBC}") = "Sample_Delegate", "Sample_Delegate\Sample_Delegate.csproj", "{86D175F7-5075-42EB-93EB-038E2FC947D0}"
EndProject
Project("{FAE04EC0-301F-11D3-BF4B-00C04F79EFBC}") = "Sample_Enum", "Sample_Enum\Sample_Enum.csproj", "{6985561B-DD4A-4C43-A04C-202E5E02C3A0}"
EndProject
Project("{FAE04EC0-301F-11D3-BF4B-00C04F79EFBC}") = "Sample_Struct", "Sample_Struct\Sample_Struct.csproj", "{50F64F00-298A-4D4C-8621-1EAA49A9F6C8}"
EndProject
Project("{FAE04EC0-301F-11D3-BF4B-00C04F79EFBC}") = "Sample_File", "Sample_File\Sample_File.csproj", "{31AE3363-9365-4A98-B97C-B41D0D0EE905}"
EndProject
Project("{FAE04EC0-301F-11D3-BF4B-00C04F79EFBC}") = "Sample_Generic", "Sample_Generic\Sample_Generic.csproj", "{05B070ED-D3D2-4494-BFF8-C217D5D56E5D}"
EndProject
Project("{FAE04EC0-301F-11D3-BF4B-00C04F79EFBC}") = "Sample_Interface", "Sample_Interface\Sample_Interface.csproj", "{A34A7242-88FA-4D5F-A7E3-927B77C325BB}"
EndProject
Project("{FAE04EC0-301F-11D3-BF4B-00C04F79EFBC}") = "Sample_Linq", "Sample_Linq\Sample_Linq.csproj", "{D416F2D4-F3E0-4D68-B504-CEF5B9672C46}"
EndProject
Project("{FAE04EC0-301F-11D3-BF4B-00C04F79EFBC}") = "Sample_Method", "Sample_Method\Sample_Method.csproj", "{8C82ADB7-F604-4DBC-8BA9-EC6D299C58F8}"
EndProject
Project("{FAE04EC0-301F-11D3-BF4B-00C04F79EFBC}") = "Sample_Operator", "Sample_Operator\Sample_Operator.csproj", "{B0F6539C-1196-4FCD-9478-BFFE670C9AC4}"
EndProject
Project("{FAE04EC0-301F-11D3-BF4B-00C04F79EFBC}") = "Sample_RegularExpression", "Sample_RegularExpression\Sample_RegularExpression.csproj", "{A7553A0A-556F-45DA-A576-850788FCAAA3}"
EndProject
Project("{FAE04EC0-301F-11D3-BF4B-00C04F79EFBC}") = "Sample_Statement", "Sample_Statement\Sample_Statement.csproj", "{86901891-9084-4B44-8293-60A4B2DE7EBF}"
EndProject
Project("{FAE04EC0-301F-11D3-BF4B-00C04F79EFBC}") = "Sample_Exception", "Sample_Exception\Sample_Exception.csproj", "{6D59D31C-0B0D-4DCC-8C18-242F03FD50FB}"
EndProject
Project("{FAE04EC0-301F-11D3-BF4B-00C04F79EFBC}") = "Sample_String", "Sample_String\Sample_String.csproj", "{7CFCFE6D-F77A-42C6-9159-8BD2527A93BE}"
EndProject
Project("{FAE04EC0-301F-11D3-BF4B-00C04F79EFBC}") = "Sample_Variable", "Sample_Variable\Sample_Variable.csproj", "{4DD7F425-37D5-4096-BBCD-D52C03F7DC96}"
EndProject
Project("{2150E333-8FDC-42A3-9474-1A3956D46DE8}") = "Lambda", "Lambda", "{25245CB5-5649-47AF-A9FE-28EAF437DBCB}"
EndProject
Project("{FAE04EC0-301F-11D3-BF4B-00C04F79EFBC}") = "Sample_Lambda", "Sample_Lambda\Sample_Lambda.csproj", "{74CD1B64-E18A-4969-B2EA-3247C01F6D73}"
EndProject
Project("{2150E333-8FDC-42A3-9474-1A3956D46DE8}") = "Thread", "Thread", "{2B18021A-D306-47E6-A68A-E9B28E67CD01}"
EndProject
Project("{2150E333-8FDC-42A3-9474-1A3956D46DE8}") = "Reflection", "Reflection", "{F2048E24-77A8-45B5-B420-D4EDEECC6B41}"
EndProject
Project("{FAE04EC0-301F-11D3-BF4B-00C04F79EFBC}") = "Sample_Reflection", "Sample_Reflection\Sample_Reflection.csproj", "{486185DF-636A-4E47-BAE7-BDADFE737AA2}"
EndProject
Project("{FAE04EC0-301F-11D3-BF4B-00C04F79EFBC}") = "Sample_Thread", "Sample_Thread\Sample_Thread.csproj", "{73701F84-0980-4FDF-81FA-681800A1DC16}"
EndProject
Global
	GlobalSection(SolutionConfigurationPlatforms) = preSolution
		Debug|Any CPU = Debug|Any CPU
		Release|Any CPU = Release|Any CPU
	EndGlobalSection
	GlobalSection(ProjectConfigurationPlatforms) = postSolution
		{0BD1B81C-7F04-4782-867F-1EE8124A6108}.Debug|Any CPU.ActiveCfg = Debug|Any CPU
		{0BD1B81C-7F04-4782-867F-1EE8124A6108}.Debug|Any CPU.Build.0 = Debug|Any CPU
		{0BD1B81C-7F04-4782-867F-1EE8124A6108}.Release|Any CPU.ActiveCfg = Release|Any CPU
		{0BD1B81C-7F04-4782-867F-1EE8124A6108}.Release|Any CPU.Build.0 = Release|Any CPU
		{A51649AF-BC19-44EF-92B6-A5BBB74285E0}.Debug|Any CPU.ActiveCfg = Debug|Any CPU
		{A51649AF-BC19-44EF-92B6-A5BBB74285E0}.Debug|Any CPU.Build.0 = Debug|Any CPU
		{A51649AF-BC19-44EF-92B6-A5BBB74285E0}.Release|Any CPU.ActiveCfg = Release|Any CPU
		{A51649AF-BC19-44EF-92B6-A5BBB74285E0}.Release|Any CPU.Build.0 = Release|Any CPU
		{A69DF315-1F29-4E5F-A41D-D88A985C2063}.Debug|Any CPU.ActiveCfg = Debug|Any CPU
		{A69DF315-1F29-4E5F-A41D-D88A985C2063}.Debug|Any CPU.Build.0 = Debug|Any CPU
		{A69DF315-1F29-4E5F-A41D-D88A985C2063}.Release|Any CPU.ActiveCfg = Release|Any CPU
		{A69DF315-1F29-4E5F-A41D-D88A985C2063}.Release|Any CPU.Build.0 = Release|Any CPU
		{3B8F8E58-006A-42DD-BCB8-F3331EAD2FB8}.Debug|Any CPU.ActiveCfg = Debug|Any CPU
		{3B8F8E58-006A-42DD-BCB8-F3331EAD2FB8}.Debug|Any CPU.Build.0 = Debug|Any CPU
		{3B8F8E58-006A-42DD-BCB8-F3331EAD2FB8}.Release|Any CPU.ActiveCfg = Release|Any CPU
		{3B8F8E58-006A-42DD-BCB8-F3331EAD2FB8}.Release|Any CPU.Build.0 = Release|Any CPU
		{86D175F7-5075-42EB-93EB-038E2FC947D0}.Debug|Any CPU.ActiveCfg = Debug|Any CPU
		{86D175F7-5075-42EB-93EB-038E2FC947D0}.Debug|Any CPU.Build.0 = Debug|Any CPU
		{86D175F7-5075-42EB-93EB-038E2FC947D0}.Release|Any CPU.ActiveCfg = Release|Any CPU
		{86D175F7-5075-42EB-93EB-038E2FC947D0}.Release|Any CPU.Build.0 = Release|Any CPU
		{6985561B-DD4A-4C43-A04C-202E5E02C3A0}.Debug|Any CPU.ActiveCfg = Debug|Any CPU
		{6985561B-DD4A-4C43-A04C-202E5E02C3A0}.Debug|Any CPU.Build.0 = Debug|Any CPU
		{6985561B-DD4A-4C43-A04C-202E5E02C3A0}.Release|Any CPU.ActiveCfg = Release|Any CPU
		{6985561B-DD4A-4C43-A04C-202E5E02C3A0}.Release|Any CPU.Build.0 = Release|Any CPU
		{50F64F00-298A-4D4C-8621-1EAA49A9F6C8}.Debug|Any CPU.ActiveCfg = Debug|Any CPU
		{50F64F00-298A-4D4C-8621-1EAA49A9F6C8}.Debug|Any CPU.Build.0 = Debug|Any CPU
		{50F64F00-298A-4D4C-8621-1EAA49A9F6C8}.Release|Any CPU.ActiveCfg = Release|Any CPU
		{50F64F00-298A-4D4C-8621-1EAA49A9F6C8}.Release|Any CPU.Build.0 = Release|Any CPU
		{31AE3363-9365-4A98-B97C-B41D0D0EE905}.Debug|Any CPU.ActiveCfg = Debug|Any CPU
		{31AE3363-9365-4A98-B97C-B41D0D0EE905}.Debug|Any CPU.Build.0 = Debug|Any CPU
		{31AE3363-9365-4A98-B97C-B41D0D0EE905}.Release|Any CPU.ActiveCfg = Release|Any CPU
		{31AE3363-9365-4A98-B97C-B41D0D0EE905}.Release|Any CPU.Build.0 = Release|Any CPU
		{05B070ED-D3D2-4494-BFF8-C217D5D56E5D}.Debug|Any CPU.ActiveCfg = Debug|Any CPU
		{05B070ED-D3D2-4494-BFF8-C217D5D56E5D}.Debug|Any CPU.Build.0 = Debug|Any CPU
		{05B070ED-D3D2-4494-BFF8-C217D5D56E5D}.Release|Any CPU.ActiveCfg = Release|Any CPU
		{05B070ED-D3D2-4494-BFF8-C217D5D56E5D}.Release|Any CPU.Build.0 = Release|Any CPU
		{A34A7242-88FA-4D5F-A7E3-927B77C325BB}.Debug|Any CPU.ActiveCfg = Debug|Any CPU
		{A34A7242-88FA-4D5F-A7E3-927B77C325BB}.Debug|Any CPU.Build.0 = Debug|Any CPU
		{A34A7242-88FA-4D5F-A7E3-927B77C325BB}.Release|Any CPU.ActiveCfg = Release|Any CPU
		{A34A7242-88FA-4D5F-A7E3-927B77C325BB}.Release|Any CPU.Build.0 = Release|Any CPU
		{D416F2D4-F3E0-4D68-B504-CEF5B9672C46}.Debug|Any CPU.ActiveCfg = Debug|Any CPU
		{D416F2D4-F3E0-4D68-B504-CEF5B9672C46}.Debug|Any CPU.Build.0 = Debug|Any CPU
		{D416F2D4-F3E0-4D68-B504-CEF5B9672C46}.Release|Any CPU.ActiveCfg = Release|Any CPU
		{D416F2D4-F3E0-4D68-B504-CEF5B9672C46}.Release|Any CPU.Build.0 = Release|Any CPU
		{8C82ADB7-F604-4DBC-8BA9-EC6D299C58F8}.Debug|Any CPU.ActiveCfg = Debug|Any CPU
		{8C82ADB7-F604-4DBC-8BA9-EC6D299C58F8}.Debug|Any CPU.Build.0 = Debug|Any CPU
		{8C82ADB7-F604-4DBC-8BA9-EC6D299C58F8}.Release|Any CPU.ActiveCfg = Release|Any CPU
		{8C82ADB7-F604-4DBC-8BA9-EC6D299C58F8}.Release|Any CPU.Build.0 = Release|Any CPU
		{B0F6539C-1196-4FCD-9478-BFFE670C9AC4}.Debug|Any CPU.ActiveCfg = Debug|Any CPU
		{B0F6539C-1196-4FCD-9478-BFFE670C9AC4}.Debug|Any CPU.Build.0 = Debug|Any CPU
		{B0F6539C-1196-4FCD-9478-BFFE670C9AC4}.Release|Any CPU.ActiveCfg = Release|Any CPU
		{B0F6539C-1196-4FCD-9478-BFFE670C9AC4}.Release|Any CPU.Build.0 = Release|Any CPU
		{A7553A0A-556F-45DA-A576-850788FCAAA3}.Debug|Any CPU.ActiveCfg = Debug|Any CPU
		{A7553A0A-556F-45DA-A576-850788FCAAA3}.Debug|Any CPU.Build.0 = Debug|Any CPU
		{A7553A0A-556F-45DA-A576-850788FCAAA3}.Release|Any CPU.ActiveCfg = Release|Any CPU
		{A7553A0A-556F-45DA-A576-850788FCAAA3}.Release|Any CPU.Build.0 = Release|Any CPU
		{86901891-9084-4B44-8293-60A4B2DE7EBF}.Debug|Any CPU.ActiveCfg = Debug|Any CPU
		{86901891-9084-4B44-8293-60A4B2DE7EBF}.Debug|Any CPU.Build.0 = Debug|Any CPU
		{86901891-9084-4B44-8293-60A4B2DE7EBF}.Release|Any CPU.ActiveCfg = Release|Any CPU
		{86901891-9084-4B44-8293-60A4B2DE7EBF}.Release|Any CPU.Build.0 = Release|Any CPU
		{6D59D31C-0B0D-4DCC-8C18-242F03FD50FB}.Debug|Any CPU.ActiveCfg = Debug|Any CPU
		{6D59D31C-0B0D-4DCC-8C18-242F03FD50FB}.Debug|Any CPU.Build.0 = Debug|Any CPU
		{6D59D31C-0B0D-4DCC-8C18-242F03FD50FB}.Release|Any CPU.ActiveCfg = Release|Any CPU
		{6D59D31C-0B0D-4DCC-8C18-242F03FD50FB}.Release|Any CPU.Build.0 = Release|Any CPU
		{7CFCFE6D-F77A-42C6-9159-8BD2527A93BE}.Debug|Any CPU.ActiveCfg = Debug|Any CPU
		{7CFCFE6D-F77A-42C6-9159-8BD2527A93BE}.Debug|Any CPU.Build.0 = Debug|Any CPU
		{7CFCFE6D-F77A-42C6-9159-8BD2527A93BE}.Release|Any CPU.ActiveCfg = Release|Any CPU
		{7CFCFE6D-F77A-42C6-9159-8BD2527A93BE}.Release|Any CPU.Build.0 = Release|Any CPU
		{4DD7F425-37D5-4096-BBCD-D52C03F7DC96}.Debug|Any CPU.ActiveCfg = Debug|Any CPU
		{4DD7F425-37D5-4096-BBCD-D52C03F7DC96}.Debug|Any CPU.Build.0 = Debug|Any CPU
		{4DD7F425-37D5-4096-BBCD-D52C03F7DC96}.Release|Any CPU.ActiveCfg = Release|Any CPU
		{4DD7F425-37D5-4096-BBCD-D52C03F7DC96}.Release|Any CPU.Build.0 = Release|Any CPU
		{74CD1B64-E18A-4969-B2EA-3247C01F6D73}.Debug|Any CPU.ActiveCfg = Debug|Any CPU
		{74CD1B64-E18A-4969-B2EA-3247C01F6D73}.Debug|Any CPU.Build.0 = Debug|Any CPU
		{74CD1B64-E18A-4969-B2EA-3247C01F6D73}.Release|Any CPU.ActiveCfg = Release|Any CPU
		{74CD1B64-E18A-4969-B2EA-3247C01F6D73}.Release|Any CPU.Build.0 = Release|Any CPU
		{486185DF-636A-4E47-BAE7-BDADFE737AA2}.Debug|Any CPU.ActiveCfg = Debug|Any CPU
		{486185DF-636A-4E47-BAE7-BDADFE737AA2}.Debug|Any CPU.Build.0 = Debug|Any CPU
		{486185DF-636A-4E47-BAE7-BDADFE737AA2}.Release|Any CPU.ActiveCfg = Release|Any CPU
		{486185DF-636A-4E47-BAE7-BDADFE737AA2}.Release|Any CPU.Build.0 = Release|Any CPU
		{73701F84-0980-4FDF-81FA-681800A1DC16}.Debug|Any CPU.ActiveCfg = Debug|Any CPU
		{73701F84-0980-4FDF-81FA-681800A1DC16}.Debug|Any CPU.Build.0 = Debug|Any CPU
		{73701F84-0980-4FDF-81FA-681800A1DC16}.Release|Any CPU.ActiveCfg = Release|Any CPU
		{73701F84-0980-4FDF-81FA-681800A1DC16}.Release|Any CPU.Build.0 = Release|Any CPU
	EndGlobalSection
	GlobalSection(SolutionProperties) = preSolution
		HideSolutionNode = FALSE
	EndGlobalSection
	GlobalSection(NestedProjects) = preSolution
		{0BD1B81C-7F04-4782-867F-1EE8124A6108} = {2B3C4950-9778-4F28-B15A-1FE934769B56}
		{A51649AF-BC19-44EF-92B6-A5BBB74285E0} = {9C6FD7C4-9A89-4D88-BD16-FF97888606E8}
		{A69DF315-1F29-4E5F-A41D-D88A985C2063} = {DACB3753-B5FF-4C35-861F-86349F4556C0}
		{3B8F8E58-006A-42DD-BCB8-F3331EAD2FB8} = {CF714119-7736-413F-8F79-1599C274F2A7}
		{86D175F7-5075-42EB-93EB-038E2FC947D0} = {1F7B832F-AE6A-4DCE-AA01-3B053EE8991C}
		{6985561B-DD4A-4C43-A04C-202E5E02C3A0} = {1B9428C9-4706-4EC9-82C9-5FC5F6668DB1}
		{50F64F00-298A-4D4C-8621-1EAA49A9F6C8} = {2294429F-6FAC-43AC-8B59-98241F266392}
		{31AE3363-9365-4A98-B97C-B41D0D0EE905} = {38D5F1D1-FACF-47B3-BBAB-472CBFFA3CD2}
		{05B070ED-D3D2-4494-BFF8-C217D5D56E5D} = {3600B195-7E58-4031-A9C5-01718B338264}
		{A34A7242-88FA-4D5F-A7E3-927B77C325BB} = {8E03DD7A-6294-47EE-967D-11BC0360F45F}
		{D416F2D4-F3E0-4D68-B504-CEF5B9672C46} = {5A037CF2-9D66-4595-9E8C-FFA52DD9AC8E}
		{8C82ADB7-F604-4DBC-8BA9-EC6D299C58F8} = {2D0BFB6A-3A57-45FB-B090-05CCE35C6039}
		{B0F6539C-1196-4FCD-9478-BFFE670C9AC4} = {2F639E52-AFCC-44EC-9300-F24A15953EE6}
		{A7553A0A-556F-45DA-A576-850788FCAAA3} = {404DEE3A-E1BA-45C9-A474-32F7E324F481}
		{86901891-9084-4B44-8293-60A4B2DE7EBF} = {C18C10E5-CCE0-4254-9470-A0B10E41E351}
		{6D59D31C-0B0D-4DCC-8C18-242F03FD50FB} = {370AA95B-70F8-430C-A4A7-E4C8824B7159}
		{7CFCFE6D-F77A-42C6-9159-8BD2527A93BE} = {3BA7CCC8-18CD-4407-82C8-9900DBF53B09}
		{4DD7F425-37D5-4096-BBCD-D52C03F7DC96} = {7711E2D6-9EC5-4197-B14D-8E9165601E1F}
		{74CD1B64-E18A-4969-B2EA-3247C01F6D73} = {25245CB5-5649-47AF-A9FE-28EAF437DBCB}
		{486185DF-636A-4E47-BAE7-BDADFE737AA2} = {F2048E24-77A8-45B5-B420-D4EDEECC6B41}
		{73701F84-0980-4FDF-81FA-681800A1DC16} = {2B18021A-D306-47E6-A68A-E9B28E67CD01}
	EndGlobalSection
	GlobalSection(ExtensibilityGlobals) = postSolution
		SolutionGuid = {5B129FE1-7010-4E3F-B2A6-81A7665923A6}
	EndGlobalSection
EndGlobal
