
Microsoft Visual Studio Solution File, Format Version 12.00
# Visual Studio Version 17
VisualStudioVersion = 17.9.34622.214
MinimumVisualStudioVersion = 10.0.40219.1
Project("{FAE04EC0-301F-11D3-BF4B-00C04F79EFBC}") = "Sample_Array", "Sample_Array\Sample_Array.csproj", "{169EDEB6-C059-4AA7-B838-7BFE991769EE}"
EndProject
Project("{FAE04EC0-301F-11D3-BF4B-00C04F79EFBC}") = "Sample_Class", "Sample_Class\Sample_Class.csproj", "{E6A1ED36-6AE6-46BC-BED5-7EE06F4D2392}"
EndProject
Project("{FAE04EC0-301F-11D3-BF4B-00C04F79EFBC}") = "Sample_Collection", "Sample_Collection\Sample_Collection.csproj", "{959999D9-9637-474D-856C-33B250AF53B5}"
EndProject
Project("{FAE04EC0-301F-11D3-BF4B-00C04F79EFBC}") = "Sample_Date", "Sample_Date\Sample_Date.csproj", "{2599A4A0-B402-417B-9A3F-B7EE6916AF77}"
EndProject
Project("{FAE04EC0-301F-11D3-BF4B-00C04F79EFBC}") = "Sample_Delegate", "Sample_Delegate\Sample_Delegate.csproj", "{4CA0E2F2-D1CD-4CC9-BAB3-2FFE62B319DA}"
EndProject
Project("{FAE04EC0-301F-11D3-BF4B-00C04F79EFBC}") = "Sample_Enum", "Sample_Enum\Sample_Enum.csproj", "{D0C1C53B-1813-4752-9F59-28F1C6F0D2B5}"
EndProject
Project("{FAE04EC0-301F-11D3-BF4B-00C04F79EFBC}") = "Sample_Exception", "Sample_Exception\Sample_Exception.csproj", "{E933123D-0F52-47FB-B52A-FA5F1695C228}"
EndProject
Project("{FAE04EC0-301F-11D3-BF4B-00C04F79EFBC}") = "Sample_File", "Sample_File\Sample_File.csproj", "{7DE58669-AAC5-4DE4-8BBD-9ADFA2BE4CD8}"
EndProject
Project("{FAE04EC0-301F-11D3-BF4B-00C04F79EFBC}") = "Sample_Generic", "Sample_Generic\Sample_Generic.csproj", "{590ECBE2-9A27-421C-BDB5-51C18FB73E0F}"
EndProject
Project("{FAE04EC0-301F-11D3-BF4B-00C04F79EFBC}") = "Sample_Interface", "Sample_Interface\Sample_Interface.csproj", "{12BD416C-E05A-47D9-9750-8696FD2C0B44}"
EndProject
Project("{FAE04EC0-301F-11D3-BF4B-00C04F79EFBC}") = "Sample_Lambda", "Sample_Lambda\Sample_Lambda.csproj", "{B2731FB2-B549-48FC-BA78-68F246DF8E2B}"
EndProject
Project("{FAE04EC0-301F-11D3-BF4B-00C04F79EFBC}") = "Sample_Linq", "Sample_Linq\Sample_Linq.csproj", "{A9AD9E0B-AFC9-4C27-8A36-B80A0DD42E04}"
EndProject
Project("{FAE04EC0-301F-11D3-BF4B-00C04F79EFBC}") = "Sample_Method", "Sample_Method\Sample_Method.csproj", "{70707944-13DA-4CB0-A059-18F5FAFE6DE9}"
EndProject
Project("{FAE04EC0-301F-11D3-BF4B-00C04F79EFBC}") = "Sample_Operator", "Sample_Operator\Sample_Operator.csproj", "{4DF3ECED-0539-4B53-A860-6EDADBECA5E8}"
EndProject
Project("{FAE04EC0-301F-11D3-BF4B-00C04F79EFBC}") = "Sample_Reflection", "Sample_Reflection\Sample_Reflection.csproj", "{F4955D24-F7E2-4425-8003-AB3B3FDD1543}"
EndProject
Project("{FAE04EC0-301F-11D3-BF4B-00C04F79EFBC}") = "Sample_RegularExpression", "Sample_RegularExpression\Sample_RegularExpression.csproj", "{98CAB423-4EF6-4333-922A-B42237BB09CA}"
EndProject
Project("{FAE04EC0-301F-11D3-BF4B-00C04F79EFBC}") = "Sample_Statement", "Sample_Statement\Sample_Statement.csproj", "{DD4726DA-1015-4411-8F29-4E6160C1CB14}"
EndProject
Project("{FAE04EC0-301F-11D3-BF4B-00C04F79EFBC}") = "Sample_String", "Sample_String\Sample_String.csproj", "{CAB9FF91-0135-44DF-9463-633500B89191}"
EndProject
Project("{FAE04EC0-301F-11D3-BF4B-00C04F79EFBC}") = "Sample_Struct", "Sample_Struct\Sample_Struct.csproj", "{D810EA59-CF64-4D1A-83E6-F62934AE60AF}"
EndProject
Project("{FAE04EC0-301F-11D3-BF4B-00C04F79EFBC}") = "Sample_Thread", "Sample_Thread\Sample_Thread.csproj", "{71BC376D-48FA-4810-B36B-3D383F0D38C6}"
EndProject
Project("{FAE04EC0-301F-11D3-BF4B-00C04F79EFBC}") = "Sample_Variable", "Sample_Variable\Sample_Variable.csproj", "{89FC6773-DE6A-4310-872A-7D952C4212DC}"
EndProject
Project("{FAE04EC0-301F-11D3-BF4B-00C04F79EFBC}") = "Sample_Convert", "Sample_Convert\Sample_Convert.csproj", "{8101AE18-332F-42BB-8A77-BFF847B4B630}"
EndProject
Global
	GlobalSection(SolutionConfigurationPlatforms) = preSolution
		Debug|Any CPU = Debug|Any CPU
		Release|Any CPU = Release|Any CPU
	EndGlobalSection
	GlobalSection(ProjectConfigurationPlatforms) = postSolution
		{169EDEB6-C059-4AA7-B838-7BFE991769EE}.Debug|Any CPU.ActiveCfg = Debug|Any CPU
		{169EDEB6-C059-4AA7-B838-7BFE991769EE}.Debug|Any CPU.Build.0 = Debug|Any CPU
		{169EDEB6-C059-4AA7-B838-7BFE991769EE}.Release|Any CPU.ActiveCfg = Release|Any CPU
		{169EDEB6-C059-4AA7-B838-7BFE991769EE}.Release|Any CPU.Build.0 = Release|Any CPU
		{E6A1ED36-6AE6-46BC-BED5-7EE06F4D2392}.Debug|Any CPU.ActiveCfg = Debug|Any CPU
		{E6A1ED36-6AE6-46BC-BED5-7EE06F4D2392}.Debug|Any CPU.Build.0 = Debug|Any CPU
		{E6A1ED36-6AE6-46BC-BED5-7EE06F4D2392}.Release|Any CPU.ActiveCfg = Release|Any CPU
		{E6A1ED36-6AE6-46BC-BED5-7EE06F4D2392}.Release|Any CPU.Build.0 = Release|Any CPU
		{959999D9-9637-474D-856C-33B250AF53B5}.Debug|Any CPU.ActiveCfg = Debug|Any CPU
		{959999D9-9637-474D-856C-33B250AF53B5}.Debug|Any CPU.Build.0 = Debug|Any CPU
		{959999D9-9637-474D-856C-33B250AF53B5}.Release|Any CPU.ActiveCfg = Release|Any CPU
		{959999D9-9637-474D-856C-33B250AF53B5}.Release|Any CPU.Build.0 = Release|Any CPU
		{2599A4A0-B402-417B-9A3F-B7EE6916AF77}.Debug|Any CPU.ActiveCfg = Debug|Any CPU
		{2599A4A0-B402-417B-9A3F-B7EE6916AF77}.Debug|Any CPU.Build.0 = Debug|Any CPU
		{2599A4A0-B402-417B-9A3F-B7EE6916AF77}.Release|Any CPU.ActiveCfg = Release|Any CPU
		{2599A4A0-B402-417B-9A3F-B7EE6916AF77}.Release|Any CPU.Build.0 = Release|Any CPU
		{4CA0E2F2-D1CD-4CC9-BAB3-2FFE62B319DA}.Debug|Any CPU.ActiveCfg = Debug|Any CPU
		{4CA0E2F2-D1CD-4CC9-BAB3-2FFE62B319DA}.Debug|Any CPU.Build.0 = Debug|Any CPU
		{4CA0E2F2-D1CD-4CC9-BAB3-2FFE62B319DA}.Release|Any CPU.ActiveCfg = Release|Any CPU
		{4CA0E2F2-D1CD-4CC9-BAB3-2FFE62B319DA}.Release|Any CPU.Build.0 = Release|Any CPU
		{D0C1C53B-1813-4752-9F59-28F1C6F0D2B5}.Debug|Any CPU.ActiveCfg = Debug|Any CPU
		{D0C1C53B-1813-4752-9F59-28F1C6F0D2B5}.Debug|Any CPU.Build.0 = Debug|Any CPU
		{D0C1C53B-1813-4752-9F59-28F1C6F0D2B5}.Release|Any CPU.ActiveCfg = Release|Any CPU
		{D0C1C53B-1813-4752-9F59-28F1C6F0D2B5}.Release|Any CPU.Build.0 = Release|Any CPU
		{E933123D-0F52-47FB-B52A-FA5F1695C228}.Debug|Any CPU.ActiveCfg = Debug|Any CPU
		{E933123D-0F52-47FB-B52A-FA5F1695C228}.Debug|Any CPU.Build.0 = Debug|Any CPU
		{E933123D-0F52-47FB-B52A-FA5F1695C228}.Release|Any CPU.ActiveCfg = Release|Any CPU
		{E933123D-0F52-47FB-B52A-FA5F1695C228}.Release|Any CPU.Build.0 = Release|Any CPU
		{7DE58669-AAC5-4DE4-8BBD-9ADFA2BE4CD8}.Debug|Any CPU.ActiveCfg = Debug|Any CPU
		{7DE58669-AAC5-4DE4-8BBD-9ADFA2BE4CD8}.Debug|Any CPU.Build.0 = Debug|Any CPU
		{7DE58669-AAC5-4DE4-8BBD-9ADFA2BE4CD8}.Release|Any CPU.ActiveCfg = Release|Any CPU
		{7DE58669-AAC5-4DE4-8BBD-9ADFA2BE4CD8}.Release|Any CPU.Build.0 = Release|Any CPU
		{590ECBE2-9A27-421C-BDB5-51C18FB73E0F}.Debug|Any CPU.ActiveCfg = Debug|Any CPU
		{590ECBE2-9A27-421C-BDB5-51C18FB73E0F}.Debug|Any CPU.Build.0 = Debug|Any CPU
		{590ECBE2-9A27-421C-BDB5-51C18FB73E0F}.Release|Any CPU.ActiveCfg = Release|Any CPU
		{590ECBE2-9A27-421C-BDB5-51C18FB73E0F}.Release|Any CPU.Build.0 = Release|Any CPU
		{12BD416C-E05A-47D9-9750-8696FD2C0B44}.Debug|Any CPU.ActiveCfg = Debug|Any CPU
		{12BD416C-E05A-47D9-9750-8696FD2C0B44}.Debug|Any CPU.Build.0 = Debug|Any CPU
		{12BD416C-E05A-47D9-9750-8696FD2C0B44}.Release|Any CPU.ActiveCfg = Release|Any CPU
		{12BD416C-E05A-47D9-9750-8696FD2C0B44}.Release|Any CPU.Build.0 = Release|Any CPU
		{B2731FB2-B549-48FC-BA78-68F246DF8E2B}.Debug|Any CPU.ActiveCfg = Debug|Any CPU
		{B2731FB2-B549-48FC-BA78-68F246DF8E2B}.Debug|Any CPU.Build.0 = Debug|Any CPU
		{B2731FB2-B549-48FC-BA78-68F246DF8E2B}.Release|Any CPU.ActiveCfg = Release|Any CPU
		{B2731FB2-B549-48FC-BA78-68F246DF8E2B}.Release|Any CPU.Build.0 = Release|Any CPU
		{A9AD9E0B-AFC9-4C27-8A36-B80A0DD42E04}.Debug|Any CPU.ActiveCfg = Debug|Any CPU
		{A9AD9E0B-AFC9-4C27-8A36-B80A0DD42E04}.Debug|Any CPU.Build.0 = Debug|Any CPU
		{A9AD9E0B-AFC9-4C27-8A36-B80A0DD42E04}.Release|Any CPU.ActiveCfg = Release|Any CPU
		{A9AD9E0B-AFC9-4C27-8A36-B80A0DD42E04}.Release|Any CPU.Build.0 = Release|Any CPU
		{70707944-13DA-4CB0-A059-18F5FAFE6DE9}.Debug|Any CPU.ActiveCfg = Debug|Any CPU
		{70707944-13DA-4CB0-A059-18F5FAFE6DE9}.Debug|Any CPU.Build.0 = Debug|Any CPU
		{70707944-13DA-4CB0-A059-18F5FAFE6DE9}.Release|Any CPU.ActiveCfg = Release|Any CPU
		{70707944-13DA-4CB0-A059-18F5FAFE6DE9}.Release|Any CPU.Build.0 = Release|Any CPU
		{4DF3ECED-0539-4B53-A860-6EDADBECA5E8}.Debug|Any CPU.ActiveCfg = Debug|Any CPU
		{4DF3ECED-0539-4B53-A860-6EDADBECA5E8}.Debug|Any CPU.Build.0 = Debug|Any CPU
		{4DF3ECED-0539-4B53-A860-6EDADBECA5E8}.Release|Any CPU.ActiveCfg = Release|Any CPU
		{4DF3ECED-0539-4B53-A860-6EDADBECA5E8}.Release|Any CPU.Build.0 = Release|Any CPU
		{F4955D24-F7E2-4425-8003-AB3B3FDD1543}.Debug|Any CPU.ActiveCfg = Debug|Any CPU
		{F4955D24-F7E2-4425-8003-AB3B3FDD1543}.Debug|Any CPU.Build.0 = Debug|Any CPU
		{F4955D24-F7E2-4425-8003-AB3B3FDD1543}.Release|Any CPU.ActiveCfg = Release|Any CPU
		{F4955D24-F7E2-4425-8003-AB3B3FDD1543}.Release|Any CPU.Build.0 = Release|Any CPU
		{98CAB423-4EF6-4333-922A-B42237BB09CA}.Debug|Any CPU.ActiveCfg = Debug|Any CPU
		{98CAB423-4EF6-4333-922A-B42237BB09CA}.Debug|Any CPU.Build.0 = Debug|Any CPU
		{98CAB423-4EF6-4333-922A-B42237BB09CA}.Release|Any CPU.ActiveCfg = Release|Any CPU
		{98CAB423-4EF6-4333-922A-B42237BB09CA}.Release|Any CPU.Build.0 = Release|Any CPU
		{DD4726DA-1015-4411-8F29-4E6160C1CB14}.Debug|Any CPU.ActiveCfg = Debug|Any CPU
		{DD4726DA-1015-4411-8F29-4E6160C1CB14}.Debug|Any CPU.Build.0 = Debug|Any CPU
		{DD4726DA-1015-4411-8F29-4E6160C1CB14}.Release|Any CPU.ActiveCfg = Release|Any CPU
		{DD4726DA-1015-4411-8F29-4E6160C1CB14}.Release|Any CPU.Build.0 = Release|Any CPU
		{CAB9FF91-0135-44DF-9463-633500B89191}.Debug|Any CPU.ActiveCfg = Debug|Any CPU
		{CAB9FF91-0135-44DF-9463-633500B89191}.Debug|Any CPU.Build.0 = Debug|Any CPU
		{CAB9FF91-0135-44DF-9463-633500B89191}.Release|Any CPU.ActiveCfg = Release|Any CPU
		{CAB9FF91-0135-44DF-9463-633500B89191}.Release|Any CPU.Build.0 = Release|Any CPU
		{D810EA59-CF64-4D1A-83E6-F62934AE60AF}.Debug|Any CPU.ActiveCfg = Debug|Any CPU
		{D810EA59-CF64-4D1A-83E6-F62934AE60AF}.Debug|Any CPU.Build.0 = Debug|Any CPU
		{D810EA59-CF64-4D1A-83E6-F62934AE60AF}.Release|Any CPU.ActiveCfg = Release|Any CPU
		{D810EA59-CF64-4D1A-83E6-F62934AE60AF}.Release|Any CPU.Build.0 = Release|Any CPU
		{71BC376D-48FA-4810-B36B-3D383F0D38C6}.Debug|Any CPU.ActiveCfg = Debug|Any CPU
		{71BC376D-48FA-4810-B36B-3D383F0D38C6}.Debug|Any CPU.Build.0 = Debug|Any CPU
		{71BC376D-48FA-4810-B36B-3D383F0D38C6}.Release|Any CPU.ActiveCfg = Release|Any CPU
		{71BC376D-48FA-4810-B36B-3D383F0D38C6}.Release|Any CPU.Build.0 = Release|Any CPU
		{89FC6773-DE6A-4310-872A-7D952C4212DC}.Debug|Any CPU.ActiveCfg = Debug|Any CPU
		{89FC6773-DE6A-4310-872A-7D952C4212DC}.Debug|Any CPU.Build.0 = Debug|Any CPU
		{89FC6773-DE6A-4310-872A-7D952C4212DC}.Release|Any CPU.ActiveCfg = Release|Any CPU
		{89FC6773-DE6A-4310-872A-7D952C4212DC}.Release|Any CPU.Build.0 = Release|Any CPU
		{8101AE18-332F-42BB-8A77-BFF847B4B630}.Debug|Any CPU.ActiveCfg = Debug|Any CPU
		{8101AE18-332F-42BB-8A77-BFF847B4B630}.Debug|Any CPU.Build.0 = Debug|Any CPU
		{8101AE18-332F-42BB-8A77-BFF847B4B630}.Release|Any CPU.ActiveCfg = Release|Any CPU
		{8101AE18-332F-42BB-8A77-BFF847B4B630}.Release|Any CPU.Build.0 = Release|Any CPU
	EndGlobalSection
	GlobalSection(SolutionProperties) = preSolution
		HideSolutionNode = FALSE
	EndGlobalSection
	GlobalSection(ExtensibilityGlobals) = postSolution
		SolutionGuid = {0DB51BE1-5FE5-43CC-A229-9BF2D61D693A}
	EndGlobalSection
EndGlobal
